
Microsoft Visual Studio Solution File, Format Version 12.00
# Visual Studio Version 16
VisualStudioVersion = 16.0.31424.327
MinimumVisualStudioVersion = 10.0.40219.1
Project("{9A19103F-16F7-4668-BE54-9A1E7A4F7556}") = "Week7.EquazioniGrado2.Test", "Week7.EquazioniGrado2.Test\Week7.EquazioniGrado2.Test.csproj", "{1148BD78-F34A-416F-88E9-FAEA4ABD40B2}"
EndProject
Project("{9A19103F-16F7-4668-BE54-9A1E7A4F7556}") = "Week7.EquazioniGrado2.Core", "Week7.EquazioniGrado2.Core\Week7.EquazioniGrado2.Core.csproj", "{0028FCB1-E6CA-4EE5-9828-5149C84B5A38}"
EndProject
Project("{FAE04EC0-301F-11D3-BF4B-00C04F79EFBC}") = "Week7.EquazioniGrado2.WinForm", "Week7.EquazioniGrado2.WinForm\Week7.EquazioniGrado2.WinForm.csproj", "{060C6D82-87E3-4CBC-90AE-D9479AF46617}"
EndProject
Global
	GlobalSection(SolutionConfigurationPlatforms) = preSolution
		Debug|Any CPU = Debug|Any CPU
		Release|Any CPU = Release|Any CPU
	EndGlobalSection
	GlobalSection(ProjectConfigurationPlatforms) = postSolution
		{1148BD78-F34A-416F-88E9-FAEA4ABD40B2}.Debug|Any CPU.ActiveCfg = Debug|Any CPU
		{1148BD78-F34A-416F-88E9-FAEA4ABD40B2}.Debug|Any CPU.Build.0 = Debug|Any CPU
		{1148BD78-F34A-416F-88E9-FAEA4ABD40B2}.Release|Any CPU.ActiveCfg = Release|Any CPU
		{1148BD78-F34A-416F-88E9-FAEA4ABD40B2}.Release|Any CPU.Build.0 = Release|Any CPU
		{0028FCB1-E6CA-4EE5-9828-5149C84B5A38}.Debug|Any CPU.ActiveCfg = Debug|Any CPU
		{0028FCB1-E6CA-4EE5-9828-5149C84B5A38}.Debug|Any CPU.Build.0 = Debug|Any CPU
		{0028FCB1-E6CA-4EE5-9828-5149C84B5A38}.Release|Any CPU.ActiveCfg = Release|Any CPU
		{0028FCB1-E6CA-4EE5-9828-5149C84B5A38}.Release|Any CPU.Build.0 = Release|Any CPU
		{060C6D82-87E3-4CBC-90AE-D9479AF46617}.Debug|Any CPU.ActiveCfg = Debug|Any CPU
		{060C6D82-87E3-4CBC-90AE-D9479AF46617}.Debug|Any CPU.Build.0 = Debug|Any CPU
		{060C6D82-87E3-4CBC-90AE-D9479AF46617}.Release|Any CPU.ActiveCfg = Release|Any CPU
		{060C6D82-87E3-4CBC-90AE-D9479AF46617}.Release|Any CPU.Build.0 = Release|Any CPU
	EndGlobalSection
	GlobalSection(SolutionProperties) = preSolution
		HideSolutionNode = FALSE
	EndGlobalSection
	GlobalSection(ExtensibilityGlobals) = postSolution
		SolutionGuid = {F329BB2C-CC64-4C93-875C-2622E8ECA91D}
	EndGlobalSection
EndGlobal
